
Microsoft Visual Studio Solution File, Format Version 12.00
# Visual Studio Version 16
VisualStudioVersion = 16.0.32602.291
MinimumVisualStudioVersion = 10.0.40219.1
Project("{FAE04EC0-301F-11D3-BF4B-00C04F79EFBC}") = "PricingBooks", "PricingBooks\PricingBooks.csproj", "{74C80D36-496D-4735-A009-AC0C817049CE}"
EndProject
Global
	GlobalSection(SolutionConfigurationPlatforms) = preSolution
		Debug|Any CPU = Debug|Any CPU
		Release|Any CPU = Release|Any CPU
	EndGlobalSection
	GlobalSection(ProjectConfigurationPlatforms) = postSolution
		{74C80D36-496D-4735-A009-AC0C817049CE}.Debug|Any CPU.ActiveCfg = Debug|Any CPU
		{74C80D36-496D-4735-A009-AC0C817049CE}.Debug|Any CPU.Build.0 = Debug|Any CPU
		{74C80D36-496D-4735-A009-AC0C817049CE}.Release|Any CPU.ActiveCfg = Release|Any CPU
		{74C80D36-496D-4735-A009-AC0C817049CE}.Release|Any CPU.Build.0 = Release|Any CPU
	EndGlobalSection
	GlobalSection(SolutionProperties) = preSolution
		HideSolutionNode = FALSE
	EndGlobalSection
	GlobalSection(ExtensibilityGlobals) = postSolution
		SolutionGuid = {5FEDEEC5-0FFD-4A3C-B64A-67EEA5305431}
	EndGlobalSection
EndGlobal
